// !$*UTF8*$!
{
	archiveVersion = 1;
	classes = {
	};
	objectVersion = 46;
	objects = {

/* Begin PBXBuildFile section */
		13754A291BD6506000A11442 /* ActionSheetTests.m in Sources */ = {isa = PBXBuildFile; fileRef = 13754A281BD6506000A11442 /* ActionSheetTests.m */; };
		1376B9FC1BEB39AF0034D8D1 /* YActionSheet.m in Sources */ = {isa = PBXBuildFile; fileRef = 1376B9DB1BEB39AF0034D8D1 /* YActionSheet.m */; };
		1376B9FD1BEB39AF0034D8D1 /* AppDelegate.m in Sources */ = {isa = PBXBuildFile; fileRef = 1376B9DD1BEB39AF0034D8D1 /* AppDelegate.m */; };
		1376B9FE1BEB39AF0034D8D1 /* LaunchScreen.xib in Resources */ = {isa = PBXBuildFile; fileRef = 1376B9DE1BEB39AF0034D8D1 /* LaunchScreen.xib */; };
		1376B9FF1BEB39AF0034D8D1 /* Main.storyboard in Resources */ = {isa = PBXBuildFile; fileRef = 1376B9E01BEB39AF0034D8D1 /* Main.storyboard */; };
		1376BA001BEB39AF0034D8D1 /* GridView.m in Sources */ = {isa = PBXBuildFile; fileRef = 1376B9E51BEB39AF0034D8D1 /* GridView.m */; };
		1376BA011BEB39AF0034D8D1 /* Images.xcassets in Resources */ = {isa = PBXBuildFile; fileRef = 1376B9E61BEB39AF0034D8D1 /* Images.xcassets */; };
		1376BA021BEB39AF0034D8D1 /* Info.plist in Resources */ = {isa = PBXBuildFile; fileRef = 1376B9E71BEB39AF0034D8D1 /* Info.plist */; };
		1376BA031BEB39AF0034D8D1 /* main.m in Sources */ = {isa = PBXBuildFile; fileRef = 1376B9E81BEB39AF0034D8D1 /* main.m */; };
		1376BA041BEB39AF0034D8D1 /* NavViewController.m in Sources */ = {isa = PBXBuildFile; fileRef = 1376B9EA1BEB39AF0034D8D1 /* NavViewController.m */; };
		1376BA051BEB39AF0034D8D1 /* LoopView.m in Sources */ = {isa = PBXBuildFile; fileRef = 1376B9ED1BEB39AF0034D8D1 /* LoopView.m */; };
		1376BA061BEB39AF0034D8D1 /* NextViewController.m in Sources */ = {isa = PBXBuildFile; fileRef = 1376B9EF1BEB39AF0034D8D1 /* NextViewController.m */; };
		1376BA071BEB39AF0034D8D1 /* SecondViewController.m in Sources */ = {isa = PBXBuildFile; fileRef = 1376B9F31BEB39AF0034D8D1 /* SecondViewController.m */; };
		1376BA081BEB39AF0034D8D1 /* CusStoryboardSegue.m in Sources */ = {isa = PBXBuildFile; fileRef = 1376B9F61BEB39AF0034D8D1 /* CusStoryboardSegue.m */; };
		1376BA091BEB39AF0034D8D1 /* CustomSegueUnWind.m in Sources */ = {isa = PBXBuildFile; fileRef = 1376B9F81BEB39AF0034D8D1 /* CustomSegueUnWind.m */; };
		1376BA0A1BEB39AF0034D8D1 /* ViewController.m in Sources */ = {isa = PBXBuildFile; fileRef = 1376B9FB1BEB39AF0034D8D1 /* ViewController.m */; };
		1376BA0E1BEB3A060034D8D1 /* FirstVC.m in Sources */ = {isa = PBXBuildFile; fileRef = 1376BA0D1BEB3A060034D8D1 /* FirstVC.m */; };
		1376BA121BEB3BBF0034D8D1 /* HYPhotoPickerView.m in Sources */ = {isa = PBXBuildFile; fileRef = 1376BA111BEB3BBF0034D8D1 /* HYPhotoPickerView.m */; };
/* End PBXBuildFile section */

/* Begin PBXContainerItemProxy section */
		13754A231BD6506000A11442 /* PBXContainerItemProxy */ = {
			isa = PBXContainerItemProxy;
			containerPortal = 13754A011BD6506000A11442 /* Project object */;
			proxyType = 1;
			remoteGlobalIDString = 13754A081BD6506000A11442;
			remoteInfo = ActionSheet;
		};
/* End PBXContainerItemProxy section */

/* Begin PBXFileReference section */
		13754A091BD6506000A11442 /* ActionSheet.app */ = {isa = PBXFileReference; explicitFileType = wrapper.application; includeInIndex = 0; path = ActionSheet.app; sourceTree = BUILT_PRODUCTS_DIR; };
		13754A221BD6506000A11442 /* ActionSheetTests.xctest */ = {isa = PBXFileReference; explicitFileType = wrapper.cfbundle; includeInIndex = 0; path = ActionSheetTests.xctest; sourceTree = BUILT_PRODUCTS_DIR; };
		13754A271BD6506000A11442 /* Info.plist */ = {isa = PBXFileReference; lastKnownFileType = text.plist.xml; path = Info.plist; sourceTree = "<group>"; };
		13754A281BD6506000A11442 /* ActionSheetTests.m */ = {isa = PBXFileReference; lastKnownFileType = sourcecode.c.objc; path = ActionSheetTests.m; sourceTree = "<group>"; };
		1376B9DA1BEB39AF0034D8D1 /* YActionSheet.h */ = {isa = PBXFileReference; fileEncoding = 4; lastKnownFileType = sourcecode.c.h; path = YActionSheet.h; sourceTree = "<group>"; };
		1376B9DB1BEB39AF0034D8D1 /* YActionSheet.m */ = {isa = PBXFileReference; fileEncoding = 4; lastKnownFileType = sourcecode.c.objc; path = YActionSheet.m; sourceTree = "<group>"; };
		1376B9DC1BEB39AF0034D8D1 /* AppDelegate.h */ = {isa = PBXFileReference; fileEncoding = 4; lastKnownFileType = sourcecode.c.h; path = AppDelegate.h; sourceTree = "<group>"; };
		1376B9DD1BEB39AF0034D8D1 /* AppDelegate.m */ = {isa = PBXFileReference; fileEncoding = 4; lastKnownFileType = sourcecode.c.objc; path = AppDelegate.m; sourceTree = "<group>"; };
		1376B9DF1BEB39AF0034D8D1 /* Base */ = {isa = PBXFileReference; lastKnownFileType = file.xib; name = Base; path = Base.lproj/LaunchScreen.xib; sourceTree = "<group>"; };
		1376B9E11BEB39AF0034D8D1 /* Base */ = {isa = PBXFileReference; lastKnownFileType = file.storyboard; name = Base; path = Base.lproj/Main.storyboard; sourceTree = "<group>"; };
		1376B9E41BEB39AF0034D8D1 /* GridView.h */ = {isa = PBXFileReference; fileEncoding = 4; lastKnownFileType = sourcecode.c.h; path = GridView.h; sourceTree = "<group>"; };
		1376B9E51BEB39AF0034D8D1 /* GridView.m */ = {isa = PBXFileReference; fileEncoding = 4; lastKnownFileType = sourcecode.c.objc; path = GridView.m; sourceTree = "<group>"; };
		1376B9E61BEB39AF0034D8D1 /* Images.xcassets */ = {isa = PBXFileReference; lastKnownFileType = folder.assetcatalog; path = Images.xcassets; sourceTree = "<group>"; };
		1376B9E71BEB39AF0034D8D1 /* Info.plist */ = {isa = PBXFileReference; fileEncoding = 4; lastKnownFileType = text.plist.xml; path = Info.plist; sourceTree = "<group>"; };
		1376B9E81BEB39AF0034D8D1 /* main.m */ = {isa = PBXFileReference; fileEncoding = 4; lastKnownFileType = sourcecode.c.objc; path = main.m; sourceTree = "<group>"; };
		1376B9E91BEB39AF0034D8D1 /* NavViewController.h */ = {isa = PBXFileReference; fileEncoding = 4; lastKnownFileType = sourcecode.c.h; path = NavViewController.h; sourceTree = "<group>"; };
		1376B9EA1BEB39AF0034D8D1 /* NavViewController.m */ = {isa = PBXFileReference; fileEncoding = 4; lastKnownFileType = sourcecode.c.objc; path = NavViewController.m; sourceTree = "<group>"; };
		1376B9EC1BEB39AF0034D8D1 /* LoopView.h */ = {isa = PBXFileReference; fileEncoding = 4; lastKnownFileType = sourcecode.c.h; path = LoopView.h; sourceTree = "<group>"; };
		1376B9ED1BEB39AF0034D8D1 /* LoopView.m */ = {isa = PBXFileReference; fileEncoding = 4; lastKnownFileType = sourcecode.c.objc; path = LoopView.m; sourceTree = "<group>"; };
		1376B9EE1BEB39AF0034D8D1 /* NextViewController.h */ = {isa = PBXFileReference; fileEncoding = 4; lastKnownFileType = sourcecode.c.h; path = NextViewController.h; sourceTree = "<group>"; };
		1376B9EF1BEB39AF0034D8D1 /* NextViewController.m */ = {isa = PBXFileReference; fileEncoding = 4; lastKnownFileType = sourcecode.c.objc; path = NextViewController.m; sourceTree = "<group>"; };
		1376B9F21BEB39AF0034D8D1 /* SecondViewController.h */ = {isa = PBXFileReference; fileEncoding = 4; lastKnownFileType = sourcecode.c.h; path = SecondViewController.h; sourceTree = "<group>"; };
		1376B9F31BEB39AF0034D8D1 /* SecondViewController.m */ = {isa = PBXFileReference; fileEncoding = 4; lastKnownFileType = sourcecode.c.objc; path = SecondViewController.m; sourceTree = "<group>"; };
		1376B9F51BEB39AF0034D8D1 /* CusStoryboardSegue.h */ = {isa = PBXFileReference; fileEncoding = 4; lastKnownFileType = sourcecode.c.h; path = CusStoryboardSegue.h; sourceTree = "<group>"; };
		1376B9F61BEB39AF0034D8D1 /* CusStoryboardSegue.m */ = {isa = PBXFileReference; fileEncoding = 4; lastKnownFileType = sourcecode.c.objc; path = CusStoryboardSegue.m; sourceTree = "<group>"; };
		1376B9F71BEB39AF0034D8D1 /* CustomSegueUnWind.h */ = {isa = PBXFileReference; fileEncoding = 4; lastKnownFileType = sourcecode.c.h; path = CustomSegueUnWind.h; sourceTree = "<group>"; };
		1376B9F81BEB39AF0034D8D1 /* CustomSegueUnWind.m */ = {isa = PBXFileReference; fileEncoding = 4; lastKnownFileType = sourcecode.c.objc; path = CustomSegueUnWind.m; sourceTree = "<group>"; };
		1376B9FA1BEB39AF0034D8D1 /* ViewController.h */ = {isa = PBXFileReference; fileEncoding = 4; lastKnownFileType = sourcecode.c.h; path = ViewController.h; sourceTree = "<group>"; };
		1376B9FB1BEB39AF0034D8D1 /* ViewController.m */ = {isa = PBXFileReference; fileEncoding = 4; lastKnownFileType = sourcecode.c.objc; path = ViewController.m; sourceTree = "<group>"; };
		1376BA0C1BEB3A060034D8D1 /* FirstVC.h */ = {isa = PBXFileReference; fileEncoding = 4; lastKnownFileType = sourcecode.c.h; path = FirstVC.h; sourceTree = "<group>"; };
		1376BA0D1BEB3A060034D8D1 /* FirstVC.m */ = {isa = PBXFileReference; fileEncoding = 4; lastKnownFileType = sourcecode.c.objc; path = FirstVC.m; sourceTree = "<group>"; };
		1376BA101BEB3BBF0034D8D1 /* HYPhotoPickerView.h */ = {isa = PBXFileReference; fileEncoding = 4; lastKnownFileType = sourcecode.c.h; path = HYPhotoPickerView.h; sourceTree = "<group>"; };
		1376BA111BEB3BBF0034D8D1 /* HYPhotoPickerView.m */ = {isa = PBXFileReference; fileEncoding = 4; lastKnownFileType = sourcecode.c.objc; path = HYPhotoPickerView.m; sourceTree = "<group>"; };
/* End PBXFileReference section */

/* Begin PBXFrameworksBuildPhase section */
		13754A061BD6506000A11442 /* Frameworks */ = {
			isa = PBXFrameworksBuildPhase;
			buildActionMask = 2147483647;
			files = (
			);
			runOnlyForDeploymentPostprocessing = 0;
		};
		13754A1F1BD6506000A11442 /* Frameworks */ = {
			isa = PBXFrameworksBuildPhase;
			buildActionMask = 2147483647;
			files = (
			);
			runOnlyForDeploymentPostprocessing = 0;
		};
/* End PBXFrameworksBuildPhase section */

/* Begin PBXGroup section */
		13754A001BD6506000A11442 = {
			isa = PBXGroup;
			children = (
				1376B9D81BEB39AF0034D8D1 /* ActionSheet */,
				13754A251BD6506000A11442 /* ActionSheetTests */,
				13754A0A1BD6506000A11442 /* Products */,
			);
			sourceTree = "<group>";
		};
		13754A0A1BD6506000A11442 /* Products */ = {
			isa = PBXGroup;
			children = (
				13754A091BD6506000A11442 /* ActionSheet.app */,
				13754A221BD6506000A11442 /* ActionSheetTests.xctest */,
			);
			name = Products;
			sourceTree = "<group>";
		};
		13754A251BD6506000A11442 /* ActionSheetTests */ = {
			isa = PBXGroup;
			children = (
				13754A281BD6506000A11442 /* ActionSheetTests.m */,
				13754A261BD6506000A11442 /* Supporting Files */,
			);
			path = ActionSheetTests;
			sourceTree = "<group>";
		};
		13754A261BD6506000A11442 /* Supporting Files */ = {
			isa = PBXGroup;
			children = (
				13754A271BD6506000A11442 /* Info.plist */,
			);
			name = "Supporting Files";
			sourceTree = "<group>";
		};
		1376B9D81BEB39AF0034D8D1 /* ActionSheet */ = {
			isa = PBXGroup;
			children = (
				1376BA0B1BEB39F30034D8D1 /* classes */,
				1376B9D91BEB39AF0034D8D1 /* actionSheet */,
				1376B9DC1BEB39AF0034D8D1 /* AppDelegate.h */,
				1376B9DD1BEB39AF0034D8D1 /* AppDelegate.m */,
				1376B9DE1BEB39AF0034D8D1 /* LaunchScreen.xib */,
				1376B9E01BEB39AF0034D8D1 /* Main.storyboard */,
				1376B9E21BEB39AF0034D8D1 /* first */,
				1376B9E31BEB39AF0034D8D1 /* gridView */,
				1376B9E61BEB39AF0034D8D1 /* Images.xcassets */,
				1376B9E71BEB39AF0034D8D1 /* Info.plist */,
				1376B9E81BEB39AF0034D8D1 /* main.m */,
				1376B9E91BEB39AF0034D8D1 /* NavViewController.h */,
				1376B9EA1BEB39AF0034D8D1 /* NavViewController.m */,
				1376B9EB1BEB39AF0034D8D1 /* next */,
				1376B9F01BEB39AF0034D8D1 /* picturesMultiselect */,
				1376B9F11BEB39AF0034D8D1 /* second */,
				1376B9F41BEB39AF0034D8D1 /* segue */,
				1376B9FA1BEB39AF0034D8D1 /* ViewController.h */,
				1376B9FB1BEB39AF0034D8D1 /* ViewController.m */,
			);
			path = ActionSheet;
			sourceTree = "<group>";
		};
		1376B9D91BEB39AF0034D8D1 /* actionSheet */ = {
			isa = PBXGroup;
			children = (
				1376B9DA1BEB39AF0034D8D1 /* YActionSheet.h */,
				1376B9DB1BEB39AF0034D8D1 /* YActionSheet.m */,
			);
			path = actionSheet;
			sourceTree = "<group>";
		};
		1376B9E21BEB39AF0034D8D1 /* first */ = {
			isa = PBXGroup;
			children = (
			);
			path = first;
			sourceTree = "<group>";
		};
		1376B9E31BEB39AF0034D8D1 /* gridView */ = {
			isa = PBXGroup;
			children = (
				1376B9E41BEB39AF0034D8D1 /* GridView.h */,
				1376B9E51BEB39AF0034D8D1 /* GridView.m */,
			);
			path = gridView;
			sourceTree = "<group>";
		};
		1376B9EB1BEB39AF0034D8D1 /* next */ = {
			isa = PBXGroup;
			children = (
				1376B9EC1BEB39AF0034D8D1 /* LoopView.h */,
				1376B9ED1BEB39AF0034D8D1 /* LoopView.m */,
				1376B9EE1BEB39AF0034D8D1 /* NextViewController.h */,
				1376B9EF1BEB39AF0034D8D1 /* NextViewController.m */,
			);
			path = next;
			sourceTree = "<group>";
		};
		1376B9F01BEB39AF0034D8D1 /* picturesMultiselect */ = {
			isa = PBXGroup;
			children = (
			);
			path = picturesMultiselect;
			sourceTree = "<group>";
		};
		1376B9F11BEB39AF0034D8D1 /* second */ = {
			isa = PBXGroup;
			children = (
				1376B9F21BEB39AF0034D8D1 /* SecondViewController.h */,
				1376B9F31BEB39AF0034D8D1 /* SecondViewController.m */,
			);
			path = second;
			sourceTree = "<group>";
		};
		1376B9F41BEB39AF0034D8D1 /* segue */ = {
			isa = PBXGroup;
			children = (
				1376B9F51BEB39AF0034D8D1 /* CusStoryboardSegue.h */,
				1376B9F61BEB39AF0034D8D1 /* CusStoryboardSegue.m */,
				1376B9F71BEB39AF0034D8D1 /* CustomSegueUnWind.h */,
				1376B9F81BEB39AF0034D8D1 /* CustomSegueUnWind.m */,
			);
			path = segue;
			sourceTree = "<group>";
		};
		1376BA0B1BEB39F30034D8D1 /* classes */ = {
			isa = PBXGroup;
			children = (
				1376BA0F1BEB3B850034D8D1 /* views */,
				1376BA0C1BEB3A060034D8D1 /* FirstVC.h */,
				1376BA0D1BEB3A060034D8D1 /* FirstVC.m */,
			);
			path = classes;
			sourceTree = "<group>";
		};
		1376BA0F1BEB3B850034D8D1 /* views */ = {
			isa = PBXGroup;
			children = (
				1376BA101BEB3BBF0034D8D1 /* HYPhotoPickerView.h */,
				1376BA111BEB3BBF0034D8D1 /* HYPhotoPickerView.m */,
			);
			path = views;
			sourceTree = "<group>";
		};
/* End PBXGroup section */

/* Begin PBXNativeTarget section */
		13754A081BD6506000A11442 /* ActionSheet */ = {
			isa = PBXNativeTarget;
			buildConfigurationList = 13754A2C1BD6506000A11442 /* Build configuration list for PBXNativeTarget "ActionSheet" */;
			buildPhases = (
				13754A051BD6506000A11442 /* Sources */,
				13754A061BD6506000A11442 /* Frameworks */,
				13754A071BD6506000A11442 /* Resources */,
			);
			buildRules = (
			);
			dependencies = (
			);
			name = ActionSheet;
			productName = ActionSheet;
			productReference = 13754A091BD6506000A11442 /* ActionSheet.app */;
			productType = "com.apple.product-type.application";
		};
		13754A211BD6506000A11442 /* ActionSheetTests */ = {
			isa = PBXNativeTarget;
			buildConfigurationList = 13754A2F1BD6506000A11442 /* Build configuration list for PBXNativeTarget "ActionSheetTests" */;
			buildPhases = (
				13754A1E1BD6506000A11442 /* Sources */,
				13754A1F1BD6506000A11442 /* Frameworks */,
				13754A201BD6506000A11442 /* Resources */,
			);
			buildRules = (
			);
			dependencies = (
				13754A241BD6506000A11442 /* PBXTargetDependency */,
			);
			name = ActionSheetTests;
			productName = ActionSheetTests;
			productReference = 13754A221BD6506000A11442 /* ActionSheetTests.xctest */;
			productType = "com.apple.product-type.bundle.unit-test";
		};
/* End PBXNativeTarget section */

/* Begin PBXProject section */
		13754A011BD6506000A11442 /* Project object */ = {
			isa = PBXProject;
			attributes = {
				LastUpgradeCheck = 0640;
				ORGANIZATIONNAME = hyIm;
				TargetAttributes = {
					13754A081BD6506000A11442 = {
						CreatedOnToolsVersion = 6.4;
						DevelopmentTeam = UX43PF86LH;
					};
					13754A211BD6506000A11442 = {
						CreatedOnToolsVersion = 6.4;
						DevelopmentTeam = UX43PF86LH;
						TestTargetID = 13754A081BD6506000A11442;
					};
				};
			};
			buildConfigurationList = 13754A041BD6506000A11442 /* Build configuration list for PBXProject "ActionSheet" */;
			compatibilityVersion = "Xcode 3.2";
			developmentRegion = English;
			hasScannedForEncodings = 0;
			knownRegions = (
				en,
				Base,
			);
			mainGroup = 13754A001BD6506000A11442;
			productRefGroup = 13754A0A1BD6506000A11442 /* Products */;
			projectDirPath = "";
			projectRoot = "";
			targets = (
				13754A081BD6506000A11442 /* ActionSheet */,
				13754A211BD6506000A11442 /* ActionSheetTests */,
			);
		};
/* End PBXProject section */

/* Begin PBXResourcesBuildPhase section */
		13754A071BD6506000A11442 /* Resources */ = {
			isa = PBXResourcesBuildPhase;
			buildActionMask = 2147483647;
			files = (
				1376BA021BEB39AF0034D8D1 /* Info.plist in Resources */,
				1376BA011BEB39AF0034D8D1 /* Images.xcassets in Resources */,
				1376B9FE1BEB39AF0034D8D1 /* LaunchScreen.xib in Resources */,
				1376B9FF1BEB39AF0034D8D1 /* Main.storyboard in Resources */,
			);
			runOnlyForDeploymentPostprocessing = 0;
		};
		13754A201BD6506000A11442 /* Resources */ = {
			isa = PBXResourcesBuildPhase;
			buildActionMask = 2147483647;
			files = (
			);
			runOnlyForDeploymentPostprocessing = 0;
		};
/* End PBXResourcesBuildPhase section */

/* Begin PBXSourcesBuildPhase section */
		13754A051BD6506000A11442 /* Sources */ = {
			isa = PBXSourcesBuildPhase;
			buildActionMask = 2147483647;
			files = (
				1376B9FD1BEB39AF0034D8D1 /* AppDelegate.m in Sources */,
				1376BA0E1BEB3A060034D8D1 /* FirstVC.m in Sources */,
				1376BA001BEB39AF0034D8D1 /* GridView.m in Sources */,
				1376BA121BEB3BBF0034D8D1 /* HYPhotoPickerView.m in Sources */,
				1376BA051BEB39AF0034D8D1 /* LoopView.m in Sources */,
				1376BA031BEB39AF0034D8D1 /* main.m in Sources */,
				1376BA071BEB39AF0034D8D1 /* SecondViewController.m in Sources */,
				1376BA0A1BEB39AF0034D8D1 /* ViewController.m in Sources */,
				1376BA081BEB39AF0034D8D1 /* CusStoryboardSegue.m in Sources */,
				1376BA061BEB39AF0034D8D1 /* NextViewController.m in Sources */,
				1376BA091BEB39AF0034D8D1 /* CustomSegueUnWind.m in Sources */,
				1376B9FC1BEB39AF0034D8D1 /* YActionSheet.m in Sources */,
				1376BA041BEB39AF0034D8D1 /* NavViewController.m in Sources */,
			);
			runOnlyForDeploymentPostprocessing = 0;
		};
		13754A1E1BD6506000A11442 /* Sources */ = {
			isa = PBXSourcesBuildPhase;
			buildActionMask = 2147483647;
			files = (
				13754A291BD6506000A11442 /* ActionSheetTests.m in Sources */,
			);
			runOnlyForDeploymentPostprocessing = 0;
		};
/* End PBXSourcesBuildPhase section */

/* Begin PBXTargetDependency section */
		13754A241BD6506000A11442 /* PBXTargetDependency */ = {
			isa = PBXTargetDependency;
			target = 13754A081BD6506000A11442 /* ActionSheet */;
			targetProxy = 13754A231BD6506000A11442 /* PBXContainerItemProxy */;
		};
/* End PBXTargetDependency section */

/* Begin PBXVariantGroup section */
		1376B9DE1BEB39AF0034D8D1 /* LaunchScreen.xib */ = {
			isa = PBXVariantGroup;
			children = (
				1376B9DF1BEB39AF0034D8D1 /* Base */,
			);
			name = LaunchScreen.xib;
			sourceTree = "<group>";
		};
		1376B9E01BEB39AF0034D8D1 /* Main.storyboard */ = {
			isa = PBXVariantGroup;
			children = (
				1376B9E11BEB39AF0034D8D1 /* Base */,
			);
			name = Main.storyboard;
			sourceTree = "<group>";
		};
/* End PBXVariantGroup section */

/* Begin XCBuildConfiguration section */
		13754A2A1BD6506000A11442 /* Debug */ = {
			isa = XCBuildConfiguration;
			buildSettings = {
				ALWAYS_SEARCH_USER_PATHS = NO;
				CLANG_CXX_LANGUAGE_STANDARD = "gnu++0x";
				CLANG_CXX_LIBRARY = "libc++";
				CLANG_ENABLE_MODULES = YES;
				CLANG_ENABLE_OBJC_ARC = YES;
				CLANG_WARN_BOOL_CONVERSION = YES;
				CLANG_WARN_CONSTANT_CONVERSION = YES;
				CLANG_WARN_DIRECT_OBJC_ISA_USAGE = YES_ERROR;
				CLANG_WARN_EMPTY_BODY = YES;
				CLANG_WARN_ENUM_CONVERSION = YES;
				CLANG_WARN_INT_CONVERSION = YES;
				CLANG_WARN_OBJC_ROOT_CLASS = YES_ERROR;
				CLANG_WARN_UNREACHABLE_CODE = YES;
				CLANG_WARN__DUPLICATE_METHOD_MATCH = YES;
				"CODE_SIGN_IDENTITY[sdk=iphoneos*]" = "iPhone Developer";
				COPY_PHASE_STRIP = NO;
				DEBUG_INFORMATION_FORMAT = "dwarf-with-dsym";
				ENABLE_STRICT_OBJC_MSGSEND = YES;
				GCC_C_LANGUAGE_STANDARD = gnu99;
				GCC_DYNAMIC_NO_PIC = NO;
				GCC_NO_COMMON_BLOCKS = YES;
				GCC_OPTIMIZATION_LEVEL = 0;
				GCC_PREPROCESSOR_DEFINITIONS = (
					"DEBUG=1",
					"$(inherited)",
				);
				GCC_SYMBOLS_PRIVATE_EXTERN = NO;
				GCC_WARN_64_TO_32_BIT_CONVERSION = YES;
				GCC_WARN_ABOUT_RETURN_TYPE = YES_ERROR;
				GCC_WARN_UNDECLARED_SELECTOR = YES;
				GCC_WARN_UNINITIALIZED_AUTOS = YES_AGGRESSIVE;
				GCC_WARN_UNUSED_FUNCTION = YES;
				GCC_WARN_UNUSED_VARIABLE = YES;
				IPHONEOS_DEPLOYMENT_TARGET = 8.0;
				MTL_ENABLE_DEBUG_INFO = YES;
				ONLY_ACTIVE_ARCH = YES;
				PROVISIONING_PROFILE = "17ab5f6b-a567-4595-93bc-57593add3c64";
				SDKROOT = iphoneos;
			};
			name = Debug;
		};
		13754A2B1BD6506000A11442 /* Release */ = {
			isa = XCBuildConfiguration;
			buildSettings = {
				ALWAYS_SEARCH_USER_PATHS = NO;
				CLANG_CXX_LANGUAGE_STANDARD = "gnu++0x";
				CLANG_CXX_LIBRARY = "libc++";
				CLANG_ENABLE_MODULES = YES;
				CLANG_ENABLE_OBJC_ARC = YES;
				CLANG_WARN_BOOL_CONVERSION = YES;
				CLANG_WARN_CONSTANT_CONVERSION = YES;
				CLANG_WARN_DIRECT_OBJC_ISA_USAGE = YES_ERROR;
				CLANG_WARN_EMPTY_BODY = YES;
				CLANG_WARN_ENUM_CONVERSION = YES;
				CLANG_WARN_INT_CONVERSION = YES;
				CLANG_WARN_OBJC_ROOT_CLASS = YES_ERROR;
				CLANG_WARN_UNREACHABLE_CODE = YES;
				CLANG_WARN__DUPLICATE_METHOD_MATCH = YES;
				"CODE_SIGN_IDENTITY[sdk=iphoneos*]" = "iPhone Developer";
				COPY_PHASE_STRIP = NO;
				DEBUG_INFORMATION_FORMAT = "dwarf-with-dsym";
				ENABLE_NS_ASSERTIONS = NO;
				ENABLE_STRICT_OBJC_MSGSEND = YES;
				GCC_C_LANGUAGE_STANDARD = gnu99;
				GCC_NO_COMMON_BLOCKS = YES;
				GCC_WARN_64_TO_32_BIT_CONVERSION = YES;
				GCC_WARN_ABOUT_RETURN_TYPE = YES_ERROR;
				GCC_WARN_UNDECLARED_SELECTOR = YES;
				GCC_WARN_UNINITIALIZED_AUTOS = YES_AGGRESSIVE;
				GCC_WARN_UNUSED_FUNCTION = YES;
				GCC_WARN_UNUSED_VARIABLE = YES;
				IPHONEOS_DEPLOYMENT_TARGET = 8.0;
				MTL_ENABLE_DEBUG_INFO = NO;
				PROVISIONING_PROFILE = "17ab5f6b-a567-4595-93bc-57593add3c64";
				SDKROOT = iphoneos;
				VALIDATE_PRODUCT = YES;
			};
			name = Release;
		};
		13754A2D1BD6506000A11442 /* Debug */ = {
			isa = XCBuildConfiguration;
			buildSettings = {
				ASSETCATALOG_COMPILER_APPICON_NAME = AppIcon;
				CODE_SIGN_IDENTITY = "iPhone Developer";
				"CODE_SIGN_IDENTITY[sdk=iphoneos*]" = "iPhone Developer";
				INFOPLIST_FILE = ActionSheet/Info.plist;
				IPHONEOS_DEPLOYMENT_TARGET = 8.0;
				LD_RUNPATH_SEARCH_PATHS = "$(inherited) @executable_path/Frameworks";
				PRODUCT_NAME = "$(TARGET_NAME)";
				PROVISIONING_PROFILE = "";
			};
			name = Debug;
		};
		13754A2E1BD6506000A11442 /* Release */ = {
			isa = XCBuildConfiguration;
			buildSettings = {
				ASSETCATALOG_COMPILER_APPICON_NAME = AppIcon;
				CODE_SIGN_IDENTITY = "iPhone Developer";
				"CODE_SIGN_IDENTITY[sdk=iphoneos*]" = "iPhone Developer";
				INFOPLIST_FILE = ActionSheet/Info.plist;
				IPHONEOS_DEPLOYMENT_TARGET = 8.0;
				LD_RUNPATH_SEARCH_PATHS = "$(inherited) @executable_path/Frameworks";
				PRODUCT_NAME = "$(TARGET_NAME)";
				PROVISIONING_PROFILE = "";
			};
			name = Release;
		};
		13754A301BD6506000A11442 /* Debug */ = {
			isa = XCBuildConfiguration;
			buildSettings = {
				BUNDLE_LOADER = "$(TEST_HOST)";
				CODE_SIGN_IDENTITY = "iPhone Developer";
				"CODE_SIGN_IDENTITY[sdk=iphoneos*]" = "iPhone Developer";
				FRAMEWORK_SEARCH_PATHS = (
					"$(SDKROOT)/Developer/Library/Frameworks",
					"$(inherited)",
				);
				GCC_PREPROCESSOR_DEFINITIONS = (
					"DEBUG=1",
					"$(inherited)",
				);
				INFOPLIST_FILE = ActionSheetTests/Info.plist;
				LD_RUNPATH_SEARCH_PATHS = "$(inherited) @executable_path/Frameworks @loader_path/Frameworks";
				PRODUCT_NAME = "$(TARGET_NAME)";
				PROVISIONING_PROFILE = "";
				TEST_HOST = "$(BUILT_PRODUCTS_DIR)/ActionSheet.app/ActionSheet";
			};
			name = Debug;
		};
		13754A311BD6506000A11442 /* Release */ = {
			isa = XCBuildConfiguration;
			buildSettings = {
				BUNDLE_LOADER = "$(TEST_HOST)";
				CODE_SIGN_IDENTITY = "iPhone Developer";
				"CODE_SIGN_IDENTITY[sdk=iphoneos*]" = "iPhone Developer";
				FRAMEWORK_SEARCH_PATHS = (
					"$(SDKROOT)/Developer/Library/Frameworks",
					"$(inherited)",
				);
				INFOPLIST_FILE = ActionSheetTests/Info.plist;
				LD_RUNPATH_SEARCH_PATHS = "$(inherited) @executable_path/Frameworks @loader_path/Frameworks";
				PRODUCT_NAME = "$(TARGET_NAME)";
				PROVISIONING_PROFILE = "";
				TEST_HOST = "$(BUILT_PRODUCTS_DIR)/ActionSheet.app/ActionSheet";
			};
			name = Release;
		};
/* End XCBuildConfiguration section */

/* Begin XCConfigurationList section */
		13754A041BD6506000A11442 /* Build configuration list for PBXProject "ActionSheet" */ = {
			isa = XCConfigurationList;
			buildConfigurations = (
				13754A2A1BD6506000A11442 /* Debug */,
				13754A2B1BD6506000A11442 /* Release */,
			);
			defaultConfigurationIsVisible = 0;
			defaultConfigurationName = Release;
		};
		13754A2C1BD6506000A11442 /* Build configuration list for PBXNativeTarget "ActionSheet" */ = {
			isa = XCConfigurationList;
			buildConfigurations = (
				13754A2D1BD6506000A11442 /* Debug */,
				13754A2E1BD6506000A11442 /* Release */,
			);
			defaultConfigurationIsVisible = 0;
			defaultConfigurationName = Release;
		};
		13754A2F1BD6506000A11442 /* Build configuration list for PBXNativeTarget "ActionSheetTests" */ = {
			isa = XCConfigurationList;
			buildConfigurations = (
				13754A301BD6506000A11442 /* Debug */,
				13754A311BD6506000A11442 /* Release */,
			);
			defaultConfigurationIsVisible = 0;
			defaultConfigurationName = Release;
		};
/* End XCConfigurationList section */
	};
	rootObject = 13754A011BD6506000A11442 /* Project object */;
}
